
Microsoft Visual Studio Solution File, Format Version 12.00
Project("{FAE04EC0-301F-11D3-BF4B-00C04F79EFBC}") = "HomeworkKovshov2", "HomeworkKovshov2\HomeworkKovshov2.csproj", "{A6FEE9F8-6678-4B76-B270-F319726A7381}"
EndProject
Global
	GlobalSection(SolutionConfigurationPlatforms) = preSolution
		Debug|Any CPU = Debug|Any CPU
		Release|Any CPU = Release|Any CPU
	EndGlobalSection
	GlobalSection(ProjectConfigurationPlatforms) = postSolution
		{A6FEE9F8-6678-4B76-B270-F319726A7381}.Debug|Any CPU.ActiveCfg = Debug|Any CPU
		{A6FEE9F8-6678-4B76-B270-F319726A7381}.Debug|Any CPU.Build.0 = Debug|Any CPU
		{A6FEE9F8-6678-4B76-B270-F319726A7381}.Release|Any CPU.ActiveCfg = Release|Any CPU
		{A6FEE9F8-6678-4B76-B270-F319726A7381}.Release|Any CPU.Build.0 = Release|Any CPU
	EndGlobalSection
EndGlobal
